
Microsoft Visual Studio Solution File, Format Version 12.00
# Visual Studio 2013
VisualStudioVersion = 12.0.31101.0
MinimumVisualStudioVersion = 10.0.40219.1
Project("{2150E333-8FDC-42A3-9474-1A3956D46DE8}") = "Common", "Common", "{5D62A596-80B9-44F5-A6B1-DBD69CC915B0}"
	ProjectSection(SolutionItems) = preProject
		Common\AjaxControlToolkit.dll = Common\AjaxControlToolkit.dll
		Common\AjaxMin.dll = Common\AjaxMin.dll
		Common\ClubCloud.KNLTB.XmlSerializers.dll = Common\ClubCloud.KNLTB.XmlSerializers.dll
		Common\ClubCloud.pfx = Common\ClubCloud.pfx
		Common\EntityFramework.dll = Common\EntityFramework.dll
		Common\EntityFramework.SqlServer.dll = Common\EntityFramework.SqlServer.dll
		Common\HtmlAgilityPack.dll = Common\HtmlAgilityPack.dll
		Common\Microsoft.AspNet.Identity.Core.dll = Common\Microsoft.AspNet.Identity.Core.dll
		Common\Microsoft.AspNet.Identity.Owin.dll = Common\Microsoft.AspNet.Identity.Owin.dll
		Common\Microsoft.AspNet.SignalR.Client.dll = Common\Microsoft.AspNet.SignalR.Client.dll
		Common\Microsoft.AspNet.SignalR.Core.dll = Common\Microsoft.AspNet.SignalR.Core.dll
		Common\Microsoft.AspNet.SignalR.Owin.dll = Common\Microsoft.AspNet.SignalR.Owin.dll
		Common\Microsoft.AspNet.SignalR.ServiceBus.dll = Common\Microsoft.AspNet.SignalR.ServiceBus.dll
		Common\Microsoft.AspNet.SignalR.SqlServer.dll = Common\Microsoft.AspNet.SignalR.SqlServer.dll
		Common\Microsoft.AspNet.SignalR.SystemWeb.dll = Common\Microsoft.AspNet.SignalR.SystemWeb.dll
		Common\Microsoft.Owin.Cors.dll = Common\Microsoft.Owin.Cors.dll
		Common\Microsoft.Owin.Diagnostics.dll = Common\Microsoft.Owin.Diagnostics.dll
		Common\Microsoft.Owin.dll = Common\Microsoft.Owin.dll
		Common\Microsoft.Owin.Host.HttpListener.dll = Common\Microsoft.Owin.Host.HttpListener.dll
		Common\Microsoft.Owin.Host.SystemWeb.dll = Common\Microsoft.Owin.Host.SystemWeb.dll
		Common\Microsoft.Owin.Hosting.dll = Common\Microsoft.Owin.Hosting.dll
		Common\Microsoft.Owin.Security.ActiveDirectory.dll = Common\Microsoft.Owin.Security.ActiveDirectory.dll
		Common\Microsoft.Owin.Security.Cookies.dll = Common\Microsoft.Owin.Security.Cookies.dll
		Common\Microsoft.Owin.Security.dll = Common\Microsoft.Owin.Security.dll
		Common\Microsoft.Owin.Security.Jwt.dll = Common\Microsoft.Owin.Security.Jwt.dll
		Common\Microsoft.Owin.Security.OAuth.dll = Common\Microsoft.Owin.Security.OAuth.dll
		Common\Microsoft.ServiceBus.dll = Common\Microsoft.ServiceBus.dll
		Common\Microsoft.Web.Infrastructure.dll = Common\Microsoft.Web.Infrastructure.dll
		Common\Newtonsoft.Json.dll = Common\Newtonsoft.Json.dll
		Common\Owin.dll = Common\Owin.dll
		Common\SignalR.sql = Common\SignalR.sql
		Common\Syncfusion.Core.dll = Common\Syncfusion.Core.dll
		Common\Syncfusion.EJ.dll = Common\Syncfusion.EJ.dll
		Common\Syncfusion.EJ.Web.dll = Common\Syncfusion.EJ.Web.dll
		Common\Syncfusion.Linq.Base.dll = Common\Syncfusion.Linq.Base.dll
		Common\Syncfusion.Shared.Base.dll = Common\Syncfusion.Shared.Base.dll
		Common\Syncfusion.Shared.Web.dll = Common\Syncfusion.Shared.Web.dll
		Common\System.IdentityModel.Tokens.Jwt.dll = Common\System.IdentityModel.Tokens.Jwt.dll
		Common\System.Net.Http.Extensions.dll = Common\System.Net.Http.Extensions.dll
		Common\System.Net.Http.Formatting.dll = Common\System.Net.Http.Formatting.dll
		Common\System.Net.Http.Primitives.dll = Common\System.Net.Http.Primitives.dll
		Common\System.Spatial.dll = Common\System.Spatial.dll
		Common\System.Web.Cors.dll = Common\System.Web.Cors.dll
		Common\System.Web.Http.Cors.dll = Common\System.Web.Http.Cors.dll
		Common\System.Web.Http.dll = Common\System.Web.Http.dll
		Common\System.Web.Http.Owin.dll = Common\System.Web.Http.Owin.dll
	EndProjectSection
EndProject
Project("{2150E333-8FDC-42A3-9474-1A3956D46DE8}") = "Scripts", "Scripts", "{B39FDC5A-2583-4EEC-9562-1E9742FA2055}"
	ProjectSection(SolutionItems) = preProject
		Common\Scripts\jquery.signalR.js = Common\Scripts\jquery.signalR.js
		Common\Scripts\jquery.signalR.min.js = Common\Scripts\jquery.signalR.min.js
		Common\Scripts\jquery.signalR.min.js.map = Common\Scripts\jquery.signalR.min.js.map
		Common\Scripts\json2.js = Common\Scripts\json2.js
		Common\Scripts\json2.min.js = Common\Scripts\json2.min.js
		Common\Scripts\json2.min.js.map = Common\Scripts\json2.min.js.map
	EndProjectSection
EndProject
Project("{FAE04EC0-301F-11D3-BF4B-00C04F79EFBC}") = "ClubCloud.Administratie", "ClubCloud.Administratie\ClubCloud.Administratie.csproj", "{DB188B7A-705D-49DD-B842-9EAFBA850C83}"
EndProject
Project("{FAE04EC0-301F-11D3-BF4B-00C04F79EFBC}") = "ClubCloud.Afhangen", "ClubCloud.Afhangen\ClubCloud.Afhangen.csproj", "{BDF54BF1-9C01-40FA-9337-96E1490FE192}"
EndProject
Project("{FAE04EC0-301F-11D3-BF4B-00C04F79EFBC}") = "ClubCloud.Mijn", "ClubCloud.Mijn\ClubCloud.Mijn.csproj", "{718DE400-472A-4F4D-A91C-3C6C9503D365}"
EndProject
Project("{FAE04EC0-301F-11D3-BF4B-00C04F79EFBC}") = "ClubCloud.Service", "ClubCloud.Service\ClubCloud.Service.csproj", "{BC7CCE39-F470-4156-B67A-8A145841F43B}"
	ProjectSection(ProjectDependencies) = postProject
		{B5DA647E-5434-42F2-9C11-CAF0E4C594A9} = {B5DA647E-5434-42F2-9C11-CAF0E4C594A9}
	EndProjectSection
EndProject
Project("{FAE04EC0-301F-11D3-BF4B-00C04F79EFBC}") = "ClubCloud.SignalR", "ClubCloud.SignalR\ClubCloud.SignalR.csproj", "{F2138894-1B9E-4EE4-954B-2414A1C74051}"
EndProject
Project("{FAE04EC0-301F-11D3-BF4B-00C04F79EFBC}") = "ClubCloud.Social", "ClubCloud.Social\ClubCloud.Social.csproj", "{F6F1FFAC-CAC1-4B6D-969A-3925DED726CA}"
EndProject
Project("{FAE04EC0-301F-11D3-BF4B-00C04F79EFBC}") = "ClubCloud.Zimbra", "ClubCloud.Zimbra\ClubCloud.Zimbra.csproj", "{04F1320B-7FD4-4429-985C-B3946ED2F519}"
EndProject
Project("{FAE04EC0-301F-11D3-BF4B-00C04F79EFBC}") = "ClubCloud.Zimbra.Client", "ClubCloud.Zimbra.Client\ClubCloud.Zimbra.Client.csproj", "{9D2C2BE5-11E9-4F36-81AE-8F95A1AFAA06}"
EndProject
Project("{FAE04EC0-301F-11D3-BF4B-00C04F79EFBC}") = "ClubCloud.Provider", "ClubCloud.Provider\ClubCloud.Provider.csproj", "{B259747C-7741-4B61-B261-24FBBE284F05}"
EndProject
Project("{FAE04EC0-301F-11D3-BF4B-00C04F79EFBC}") = "ClubCloud.BaanBeheer", "ClubCloud.BaanBeheer\ClubCloud.BaanBeheer.csproj", "{AD85F97C-F475-41CC-A98E-F8056D918F4A}"
	ProjectSection(ProjectDependencies) = postProject
		{BC7CCE39-F470-4156-B67A-8A145841F43B} = {BC7CCE39-F470-4156-B67A-8A145841F43B}
	EndProjectSection
EndProject
Project("{FAE04EC0-301F-11D3-BF4B-00C04F79EFBC}") = "ClubCloud.Internet", "ClubCloud.Internet\ClubCloud.Internet.csproj", "{2CFBD8A0-5998-42BD-8028-047B13AA7703}"
EndProject
Project("{2150E333-8FDC-42A3-9474-1A3956D46DE8}") = "ApplicationConfiguration", "ApplicationConfiguration", "{CF842AE1-9486-4D6B-9DB6-A2F16F168299}"
	ProjectSection(SolutionItems) = preProject
		Application.config = Application.config
		FxCop.targets = FxCop.targets
		FxCopConsoleOutput.xsl = FxCopConsoleOutput.xsl
		FxCopDictionary.xml = FxCopDictionary.xml
		Settings.FxCop = Settings.FxCop
		Settings.spruleset = Settings.spruleset
		Settings.StyleCop = Settings.StyleCop
		SharePointConfiguration.xml = SharePointConfiguration.xml
		SPDisposeChecker.targets = SPDisposeChecker.targets
		SPSF.targets = SPSF.targets
	EndProjectSection
EndProject
Project("{FAE04EC0-301F-11D3-BF4B-00C04F79EFBC}") = "Deployment", "Deployment\Deployment.csproj", "{D020C3CF-9E15-468C-9D65-43AE4DBF0ED7}"
	ProjectSection(ProjectDependencies) = postProject
		{718DE400-472A-4F4D-A91C-3C6C9503D365} = {718DE400-472A-4F4D-A91C-3C6C9503D365}
		{04F1320B-7FD4-4429-985C-B3946ED2F519} = {04F1320B-7FD4-4429-985C-B3946ED2F519}
		{BC7CCE39-F470-4156-B67A-8A145841F43B} = {BC7CCE39-F470-4156-B67A-8A145841F43B}
		{90FE486F-D24E-4290-8E0B-633FA72E5314} = {90FE486F-D24E-4290-8E0B-633FA72E5314}
		{DB188B7A-705D-49DD-B842-9EAFBA850C83} = {DB188B7A-705D-49DD-B842-9EAFBA850C83}
		{B98CD37B-E5D0-49E4-A765-F8FBA945E050} = {B98CD37B-E5D0-49E4-A765-F8FBA945E050}
		{B259747C-7741-4B61-B261-24FBBE284F05} = {B259747C-7741-4B61-B261-24FBBE284F05}
		{AD85F97C-F475-41CC-A98E-F8056D918F4A} = {AD85F97C-F475-41CC-A98E-F8056D918F4A}
		{F2138894-1B9E-4EE4-954B-2414A1C74051} = {F2138894-1B9E-4EE4-954B-2414A1C74051}
		{2CFBD8A0-5998-42BD-8028-047B13AA7703} = {2CFBD8A0-5998-42BD-8028-047B13AA7703}
		{F6F1FFAC-CAC1-4B6D-969A-3925DED726CA} = {F6F1FFAC-CAC1-4B6D-969A-3925DED726CA}
		{9D2C2BE5-11E9-4F36-81AE-8F95A1AFAA06} = {9D2C2BE5-11E9-4F36-81AE-8F95A1AFAA06}
		{BDF54BF1-9C01-40FA-9337-96E1490FE192} = {BDF54BF1-9C01-40FA-9337-96E1490FE192}
	EndProjectSection
EndProject
Project("{FAE04EC0-301F-11D3-BF4B-00C04F79EFBC}") = "ClubCloud.Common", "ClubCloud.Common\ClubCloud.Common.csproj", "{90FE486F-D24E-4290-8E0B-633FA72E5314}"
EndProject
Project("{FAE04EC0-301F-11D3-BF4B-00C04F79EFBC}") = "ClubCloud.KNLTB", "ClubCloud.KNLTB\ClubCloud.KNLTB.csproj", "{B98CD37B-E5D0-49E4-A765-F8FBA945E050}"
EndProject
Project("{FAE04EC0-301F-11D3-BF4B-00C04F79EFBC}") = "ClubCloud.Model", "ClubCloud.Model\ClubCloud.Model.csproj", "{97CB96D6-3B6B-4879-A961-9166A73C7614}"
EndProject
Project("{FAE04EC0-301F-11D3-BF4B-00C04F79EFBC}") = "ClubCloud.Store", "ClubCloud.Store\ClubCloud.Store.csproj", "{B5DA647E-5434-42F2-9C11-CAF0E4C594A9}"
EndProject
Global
	GlobalSection(TeamFoundationVersionControl) = preSolution
		SccNumberOfProjects = 17
		SccEnterpriseProvider = {4CA58AB2-18FA-4F8D-95D4-32DDF27D184C}
		SccTeamFoundationServer = https://hemrika.visualstudio.com/defaultcollection
		SccLocalPath0 = .
		SccProjectUniqueName1 = ClubCloud.Administratie\\ClubCloud.Administratie.csproj
		SccProjectName1 = ClubCloud.Administratie
		SccLocalPath1 = ClubCloud.Administratie
		SccProjectUniqueName2 = ClubCloud.Afhangen\\ClubCloud.Afhangen.csproj
		SccProjectName2 = ClubCloud.Afhangen
		SccLocalPath2 = ClubCloud.Afhangen
		SccProjectUniqueName3 = ClubCloud.Mijn\\ClubCloud.Mijn.csproj
		SccProjectName3 = ClubCloud.Mijn
		SccLocalPath3 = ClubCloud.Mijn
		SccProjectUniqueName4 = ClubCloud.Service\\ClubCloud.Service.csproj
		SccProjectName4 = ClubCloud.Service
		SccLocalPath4 = ClubCloud.Service
		SccProjectUniqueName5 = ClubCloud.SignalR\\ClubCloud.SignalR.csproj
		SccProjectName5 = ClubCloud.SignalR
		SccLocalPath5 = ClubCloud.SignalR
		SccProjectUniqueName6 = ClubCloud.Social\\ClubCloud.Social.csproj
		SccProjectName6 = ClubCloud.Social
		SccLocalPath6 = ClubCloud.Social
		SccProjectUniqueName7 = ClubCloud.Zimbra\\ClubCloud.Zimbra.csproj
		SccProjectName7 = ClubCloud.Zimbra
		SccLocalPath7 = ClubCloud.Zimbra
		SccProjectUniqueName8 = ClubCloud.Zimbra.Client\\ClubCloud.Zimbra.Client.csproj
		SccProjectName8 = ClubCloud.Zimbra.Client
		SccLocalPath8 = ClubCloud.Zimbra.Client
		SccProjectUniqueName9 = ClubCloud.Provider\\ClubCloud.Provider.csproj
		SccProjectName9 = ClubCloud.Provider
		SccLocalPath9 = ClubCloud.Provider
		SccProjectUniqueName10 = ClubCloud.BaanBeheer\\ClubCloud.BaanBeheer.csproj
		SccProjectName10 = ClubCloud.BaanBeheer
		SccLocalPath10 = ClubCloud.BaanBeheer
		SccProjectUniqueName11 = ClubCloud.Internet\\ClubCloud.Internet.csproj
		SccProjectName11 = ClubCloud.Internet
		SccLocalPath11 = ClubCloud.Internet
		SccProjectUniqueName12 = Deployment\\Deployment.csproj
		SccProjectName12 = Deployment
		SccLocalPath12 = Deployment
		SccProjectUniqueName13 = ClubCloud.Common\\ClubCloud.Common.csproj
		SccProjectName13 = ClubCloud.Common
		SccLocalPath13 = ClubCloud.Common
		SccProjectUniqueName14 = ClubCloud.KNLTB\\ClubCloud.KNLTB.csproj
		SccProjectName14 = ClubCloud.KNLTB
		SccLocalPath14 = ClubCloud.KNLTB
		SccProjectUniqueName15 = ClubCloud.Model\\ClubCloud.Model.csproj
		SccProjectName15 = ClubCloud.Model
		SccLocalPath15 = ClubCloud.Model
		SccProjectUniqueName16 = ClubCloud.Store\\ClubCloud.Store.csproj
		SccProjectName16 = ClubCloud.Store
		SccLocalPath16 = ClubCloud.Store
	EndGlobalSection
	GlobalSection(SolutionConfigurationPlatforms) = preSolution
		Debug|Any CPU = Debug|Any CPU
		Release|Any CPU = Release|Any CPU
	EndGlobalSection
	GlobalSection(ProjectConfigurationPlatforms) = postSolution
		{DB188B7A-705D-49DD-B842-9EAFBA850C83}.Debug|Any CPU.ActiveCfg = Debug|Any CPU
		{DB188B7A-705D-49DD-B842-9EAFBA850C83}.Debug|Any CPU.Build.0 = Debug|Any CPU
		{DB188B7A-705D-49DD-B842-9EAFBA850C83}.Debug|Any CPU.Deploy.0 = Debug|Any CPU
		{DB188B7A-705D-49DD-B842-9EAFBA850C83}.Release|Any CPU.ActiveCfg = Release|Any CPU
		{DB188B7A-705D-49DD-B842-9EAFBA850C83}.Release|Any CPU.Build.0 = Release|Any CPU
		{DB188B7A-705D-49DD-B842-9EAFBA850C83}.Release|Any CPU.Deploy.0 = Release|Any CPU
		{BDF54BF1-9C01-40FA-9337-96E1490FE192}.Debug|Any CPU.ActiveCfg = Debug|Any CPU
		{BDF54BF1-9C01-40FA-9337-96E1490FE192}.Debug|Any CPU.Build.0 = Debug|Any CPU
		{BDF54BF1-9C01-40FA-9337-96E1490FE192}.Debug|Any CPU.Deploy.0 = Debug|Any CPU
		{BDF54BF1-9C01-40FA-9337-96E1490FE192}.Release|Any CPU.ActiveCfg = Release|Any CPU
		{BDF54BF1-9C01-40FA-9337-96E1490FE192}.Release|Any CPU.Build.0 = Release|Any CPU
		{BDF54BF1-9C01-40FA-9337-96E1490FE192}.Release|Any CPU.Deploy.0 = Release|Any CPU
		{718DE400-472A-4F4D-A91C-3C6C9503D365}.Debug|Any CPU.ActiveCfg = Debug|Any CPU
		{718DE400-472A-4F4D-A91C-3C6C9503D365}.Debug|Any CPU.Build.0 = Debug|Any CPU
		{718DE400-472A-4F4D-A91C-3C6C9503D365}.Debug|Any CPU.Deploy.0 = Debug|Any CPU
		{718DE400-472A-4F4D-A91C-3C6C9503D365}.Release|Any CPU.ActiveCfg = Release|Any CPU
		{718DE400-472A-4F4D-A91C-3C6C9503D365}.Release|Any CPU.Build.0 = Release|Any CPU
		{718DE400-472A-4F4D-A91C-3C6C9503D365}.Release|Any CPU.Deploy.0 = Release|Any CPU
		{BC7CCE39-F470-4156-B67A-8A145841F43B}.Debug|Any CPU.ActiveCfg = Debug|Any CPU
		{BC7CCE39-F470-4156-B67A-8A145841F43B}.Debug|Any CPU.Build.0 = Debug|Any CPU
		{BC7CCE39-F470-4156-B67A-8A145841F43B}.Debug|Any CPU.Deploy.0 = Debug|Any CPU
		{BC7CCE39-F470-4156-B67A-8A145841F43B}.Release|Any CPU.ActiveCfg = Release|Any CPU
		{BC7CCE39-F470-4156-B67A-8A145841F43B}.Release|Any CPU.Build.0 = Release|Any CPU
		{BC7CCE39-F470-4156-B67A-8A145841F43B}.Release|Any CPU.Deploy.0 = Release|Any CPU
		{F2138894-1B9E-4EE4-954B-2414A1C74051}.Debug|Any CPU.ActiveCfg = Debug|Any CPU
		{F2138894-1B9E-4EE4-954B-2414A1C74051}.Debug|Any CPU.Build.0 = Debug|Any CPU
		{F2138894-1B9E-4EE4-954B-2414A1C74051}.Debug|Any CPU.Deploy.0 = Debug|Any CPU
		{F2138894-1B9E-4EE4-954B-2414A1C74051}.Release|Any CPU.ActiveCfg = Release|Any CPU
		{F2138894-1B9E-4EE4-954B-2414A1C74051}.Release|Any CPU.Build.0 = Release|Any CPU
		{F2138894-1B9E-4EE4-954B-2414A1C74051}.Release|Any CPU.Deploy.0 = Release|Any CPU
		{F6F1FFAC-CAC1-4B6D-969A-3925DED726CA}.Debug|Any CPU.ActiveCfg = Debug|Any CPU
		{F6F1FFAC-CAC1-4B6D-969A-3925DED726CA}.Debug|Any CPU.Build.0 = Debug|Any CPU
		{F6F1FFAC-CAC1-4B6D-969A-3925DED726CA}.Release|Any CPU.ActiveCfg = Release|Any CPU
		{F6F1FFAC-CAC1-4B6D-969A-3925DED726CA}.Release|Any CPU.Build.0 = Release|Any CPU
		{04F1320B-7FD4-4429-985C-B3946ED2F519}.Debug|Any CPU.ActiveCfg = Debug|Any CPU
		{04F1320B-7FD4-4429-985C-B3946ED2F519}.Debug|Any CPU.Build.0 = Debug|Any CPU
		{04F1320B-7FD4-4429-985C-B3946ED2F519}.Release|Any CPU.ActiveCfg = Release|Any CPU
		{04F1320B-7FD4-4429-985C-B3946ED2F519}.Release|Any CPU.Build.0 = Release|Any CPU
		{9D2C2BE5-11E9-4F36-81AE-8F95A1AFAA06}.Debug|Any CPU.ActiveCfg = Debug|Any CPU
		{9D2C2BE5-11E9-4F36-81AE-8F95A1AFAA06}.Debug|Any CPU.Build.0 = Debug|Any CPU
		{9D2C2BE5-11E9-4F36-81AE-8F95A1AFAA06}.Release|Any CPU.ActiveCfg = Release|Any CPU
		{9D2C2BE5-11E9-4F36-81AE-8F95A1AFAA06}.Release|Any CPU.Build.0 = Release|Any CPU
		{B259747C-7741-4B61-B261-24FBBE284F05}.Debug|Any CPU.ActiveCfg = Debug|Any CPU
		{B259747C-7741-4B61-B261-24FBBE284F05}.Debug|Any CPU.Build.0 = Debug|Any CPU
		{B259747C-7741-4B61-B261-24FBBE284F05}.Debug|Any CPU.Deploy.0 = Debug|Any CPU
		{B259747C-7741-4B61-B261-24FBBE284F05}.Release|Any CPU.ActiveCfg = Release|Any CPU
		{B259747C-7741-4B61-B261-24FBBE284F05}.Release|Any CPU.Build.0 = Release|Any CPU
		{B259747C-7741-4B61-B261-24FBBE284F05}.Release|Any CPU.Deploy.0 = Release|Any CPU
		{AD85F97C-F475-41CC-A98E-F8056D918F4A}.Debug|Any CPU.ActiveCfg = Debug|Any CPU
		{AD85F97C-F475-41CC-A98E-F8056D918F4A}.Debug|Any CPU.Build.0 = Debug|Any CPU
		{AD85F97C-F475-41CC-A98E-F8056D918F4A}.Debug|Any CPU.Deploy.0 = Debug|Any CPU
		{AD85F97C-F475-41CC-A98E-F8056D918F4A}.Release|Any CPU.ActiveCfg = Release|Any CPU
		{AD85F97C-F475-41CC-A98E-F8056D918F4A}.Release|Any CPU.Build.0 = Release|Any CPU
		{AD85F97C-F475-41CC-A98E-F8056D918F4A}.Release|Any CPU.Deploy.0 = Release|Any CPU
		{2CFBD8A0-5998-42BD-8028-047B13AA7703}.Debug|Any CPU.ActiveCfg = Debug|Any CPU
		{2CFBD8A0-5998-42BD-8028-047B13AA7703}.Debug|Any CPU.Build.0 = Debug|Any CPU
		{2CFBD8A0-5998-42BD-8028-047B13AA7703}.Debug|Any CPU.Deploy.0 = Debug|Any CPU
		{2CFBD8A0-5998-42BD-8028-047B13AA7703}.Release|Any CPU.ActiveCfg = Release|Any CPU
		{2CFBD8A0-5998-42BD-8028-047B13AA7703}.Release|Any CPU.Build.0 = Release|Any CPU
		{2CFBD8A0-5998-42BD-8028-047B13AA7703}.Release|Any CPU.Deploy.0 = Release|Any CPU
		{D020C3CF-9E15-468C-9D65-43AE4DBF0ED7}.Debug|Any CPU.ActiveCfg = Debug|Any CPU
		{D020C3CF-9E15-468C-9D65-43AE4DBF0ED7}.Debug|Any CPU.Build.0 = Debug|Any CPU
		{D020C3CF-9E15-468C-9D65-43AE4DBF0ED7}.Release|Any CPU.ActiveCfg = Release|Any CPU
		{D020C3CF-9E15-468C-9D65-43AE4DBF0ED7}.Release|Any CPU.Build.0 = Release|Any CPU
		{90FE486F-D24E-4290-8E0B-633FA72E5314}.Debug|Any CPU.ActiveCfg = Debug|Any CPU
		{90FE486F-D24E-4290-8E0B-633FA72E5314}.Debug|Any CPU.Build.0 = Debug|Any CPU
		{90FE486F-D24E-4290-8E0B-633FA72E5314}.Debug|Any CPU.Deploy.0 = Debug|Any CPU
		{90FE486F-D24E-4290-8E0B-633FA72E5314}.Release|Any CPU.ActiveCfg = Release|Any CPU
		{90FE486F-D24E-4290-8E0B-633FA72E5314}.Release|Any CPU.Build.0 = Release|Any CPU
		{90FE486F-D24E-4290-8E0B-633FA72E5314}.Release|Any CPU.Deploy.0 = Release|Any CPU
		{B98CD37B-E5D0-49E4-A765-F8FBA945E050}.Debug|Any CPU.ActiveCfg = Debug|Any CPU
		{B98CD37B-E5D0-49E4-A765-F8FBA945E050}.Debug|Any CPU.Build.0 = Debug|Any CPU
		{B98CD37B-E5D0-49E4-A765-F8FBA945E050}.Release|Any CPU.ActiveCfg = Release|Any CPU
		{B98CD37B-E5D0-49E4-A765-F8FBA945E050}.Release|Any CPU.Build.0 = Release|Any CPU
		{97CB96D6-3B6B-4879-A961-9166A73C7614}.Debug|Any CPU.ActiveCfg = Debug|Any CPU
		{97CB96D6-3B6B-4879-A961-9166A73C7614}.Debug|Any CPU.Build.0 = Debug|Any CPU
		{97CB96D6-3B6B-4879-A961-9166A73C7614}.Release|Any CPU.ActiveCfg = Release|Any CPU
		{97CB96D6-3B6B-4879-A961-9166A73C7614}.Release|Any CPU.Build.0 = Release|Any CPU
		{B5DA647E-5434-42F2-9C11-CAF0E4C594A9}.Debug|Any CPU.ActiveCfg = Debug|Any CPU
		{B5DA647E-5434-42F2-9C11-CAF0E4C594A9}.Debug|Any CPU.Build.0 = Debug|Any CPU
		{B5DA647E-5434-42F2-9C11-CAF0E4C594A9}.Release|Any CPU.ActiveCfg = Release|Any CPU
		{B5DA647E-5434-42F2-9C11-CAF0E4C594A9}.Release|Any CPU.Build.0 = Release|Any CPU
	EndGlobalSection
	GlobalSection(SolutionProperties) = preSolution
		HideSolutionNode = FALSE
	EndGlobalSection
	GlobalSection(NestedProjects) = preSolution
		{B39FDC5A-2583-4EEC-9562-1E9742FA2055} = {5D62A596-80B9-44F5-A6B1-DBD69CC915B0}
	EndGlobalSection
EndGlobal
