
Microsoft Visual Studio Solution File, Format Version 12.00
# Visual Studio 2013
VisualStudioVersion = 12.0.30110.0
MinimumVisualStudioVersion = 10.0.40219.1
Project("{FAE04EC0-301F-11D3-BF4B-00C04F79EFBC}") = "ClubCloud.Zimbra", "ClubCloud.Zimbra.csproj", "{04F1320B-7FD4-4429-985C-B3946ED2F519}"
EndProject
Project("{FAE04EC0-301F-11D3-BF4B-00C04F79EFBC}") = "ClubCloud.Zimbra.Client", "..\ClubCloud.Zimbra.Client\ClubCloud.Zimbra.Client.csproj", "{9D2C2BE5-11E9-4F36-81AE-8F95A1AFAA06}"
EndProject
Project("{FAE04EC0-301F-11D3-BF4B-00C04F79EFBC}") = "ClubCloud.Claims", "..\ClubCloud.Claims\ClubCloud.Claims.csproj", "{B259747C-7741-4B61-B261-24FBBE284F05}"
EndProject
Global
	GlobalSection(TeamFoundationVersionControl) = preSolution
		SccNumberOfProjects = 4
		SccEnterpriseProvider = {4CA58AB2-18FA-4F8D-95D4-32DDF27D184C}
		SccTeamFoundationServer = https://hemrika.visualstudio.com/defaultcollection
		SccProjectUniqueName0 = ClubCloud.Zimbra.csproj
		SccLocalPath0 = .
		SccProjectUniqueName1 = ..\\ClubCloud.Zimbra.Client\\ClubCloud.Zimbra.Client.csproj
		SccProjectName1 = ../ClubCloud.Zimbra.Client
		SccLocalPath1 = ..\\ClubCloud.Zimbra.Client
		SccLocalPath2 = .
		SccProjectUniqueName3 = ..\\ClubCloud.Claims\\ClubCloud.Claims.csproj
		SccProjectName3 = ../ClubCloud.Claims
		SccLocalPath3 = ..\\ClubCloud.Claims
	EndGlobalSection
	GlobalSection(SolutionConfigurationPlatforms) = preSolution
		Debug|Any CPU = Debug|Any CPU
		Release|Any CPU = Release|Any CPU
	EndGlobalSection
	GlobalSection(ProjectConfigurationPlatforms) = postSolution
		{04F1320B-7FD4-4429-985C-B3946ED2F519}.Debug|Any CPU.ActiveCfg = Debug|Any CPU
		{04F1320B-7FD4-4429-985C-B3946ED2F519}.Debug|Any CPU.Build.0 = Debug|Any CPU
		{04F1320B-7FD4-4429-985C-B3946ED2F519}.Release|Any CPU.ActiveCfg = Release|Any CPU
		{04F1320B-7FD4-4429-985C-B3946ED2F519}.Release|Any CPU.Build.0 = Release|Any CPU
		{9D2C2BE5-11E9-4F36-81AE-8F95A1AFAA06}.Debug|Any CPU.ActiveCfg = Debug|Any CPU
		{9D2C2BE5-11E9-4F36-81AE-8F95A1AFAA06}.Debug|Any CPU.Build.0 = Debug|Any CPU
		{9D2C2BE5-11E9-4F36-81AE-8F95A1AFAA06}.Release|Any CPU.ActiveCfg = Release|Any CPU
		{9D2C2BE5-11E9-4F36-81AE-8F95A1AFAA06}.Release|Any CPU.Build.0 = Release|Any CPU
		{B259747C-7741-4B61-B261-24FBBE284F05}.Debug|Any CPU.ActiveCfg = Debug|Any CPU
		{B259747C-7741-4B61-B261-24FBBE284F05}.Debug|Any CPU.Build.0 = Debug|Any CPU
		{B259747C-7741-4B61-B261-24FBBE284F05}.Debug|Any CPU.Deploy.0 = Debug|Any CPU
		{B259747C-7741-4B61-B261-24FBBE284F05}.Release|Any CPU.ActiveCfg = Release|Any CPU
		{B259747C-7741-4B61-B261-24FBBE284F05}.Release|Any CPU.Build.0 = Release|Any CPU
		{B259747C-7741-4B61-B261-24FBBE284F05}.Release|Any CPU.Deploy.0 = Release|Any CPU
	EndGlobalSection
	GlobalSection(SolutionProperties) = preSolution
		HideSolutionNode = FALSE
	EndGlobalSection
EndGlobal
