
Microsoft Visual Studio Solution File, Format Version 12.00
# Visual Studio 2013
VisualStudioVersion = 12.0.40629.0
MinimumVisualStudioVersion = 10.0.40219.1
Project("{FAE04EC0-301F-11D3-BF4B-00C04F79EFBC}") = "ClubCloud.Afhangen.WebSite", "ClubCloud.Afhangen.WebSite.csproj", "{7E16BF9B-0E82-43E3-BBFC-33CB614AC63C}"
EndProject
Project("{2150E333-8FDC-42A3-9474-1A3956D46DE8}") = "ApplicationConfiguration", "ApplicationConfiguration", "{5733D713-1887-43A1-A1B4-34A5D8E86DFA}"
	ProjectSection(SolutionItems) = preProject
		Application.config = Application.config
		FxCop.targets = FxCop.targets
		FxCopConsoleOutput.xsl = FxCopConsoleOutput.xsl
		FxCopDictionary.xml = FxCopDictionary.xml
		Settings.FxCop = Settings.FxCop
		Settings.spruleset = Settings.spruleset
		Settings.StyleCop = Settings.StyleCop
		SharePointConfiguration.xml = SharePointConfiguration.xml
		SPDisposeChecker.targets = SPDisposeChecker.targets
		SPSF.targets = SPSF.targets
	EndProjectSection
EndProject
Project("{FAE04EC0-301F-11D3-BF4B-00C04F79EFBC}") = "Deployment", "Deployment\Deployment.csproj", "{69EE8309-C426-4F4F-BCF7-5A4AF58B8AA2}"
	ProjectSection(ProjectDependencies) = postProject
		{2D0952CF-7B11-4F58-BDD1-FC679A8AAEE1} = {2D0952CF-7B11-4F58-BDD1-FC679A8AAEE1}
	EndProjectSection
EndProject
Project("{FAE04EC0-301F-11D3-BF4B-00C04F79EFBC}") = "ClubCloud.WebSite.Navigation", "..\ClubCloud.WebSite.Navigation\ClubCloud.WebSite.Navigation.csproj", "{2D0952CF-7B11-4F58-BDD1-FC679A8AAEE1}"
EndProject
Global
	GlobalSection(TeamFoundationVersionControl) = preSolution
		SccNumberOfProjects = 4
		SccEnterpriseProvider = {4CA58AB2-18FA-4F8D-95D4-32DDF27D184C}
		SccTeamFoundationServer = https://hemrika.visualstudio.com/defaultcollection
		SccLocalPath0 = .
		SccProjectUniqueName1 = ClubCloud.Afhangen.WebSite.csproj
		SccLocalPath1 = .
		SccProjectUniqueName2 = Deployment\\Deployment.csproj
		SccProjectName2 = Deployment
		SccLocalPath2 = Deployment
		SccProjectUniqueName3 = ..\\ClubCloud.WebSite.Navigation\\ClubCloud.WebSite.Navigation.csproj
		SccProjectName3 = ../ClubCloud.WebSite.Navigation
		SccLocalPath3 = ..\\ClubCloud.WebSite.Navigation
	EndGlobalSection
	GlobalSection(SolutionConfigurationPlatforms) = preSolution
		Debug|Any CPU = Debug|Any CPU
		Release|Any CPU = Release|Any CPU
	EndGlobalSection
	GlobalSection(ProjectConfigurationPlatforms) = postSolution
		{7E16BF9B-0E82-43E3-BBFC-33CB614AC63C}.Debug|Any CPU.ActiveCfg = Debug|Any CPU
		{7E16BF9B-0E82-43E3-BBFC-33CB614AC63C}.Debug|Any CPU.Build.0 = Debug|Any CPU
		{7E16BF9B-0E82-43E3-BBFC-33CB614AC63C}.Debug|Any CPU.Deploy.0 = Debug|Any CPU
		{7E16BF9B-0E82-43E3-BBFC-33CB614AC63C}.Release|Any CPU.ActiveCfg = Release|Any CPU
		{7E16BF9B-0E82-43E3-BBFC-33CB614AC63C}.Release|Any CPU.Build.0 = Release|Any CPU
		{7E16BF9B-0E82-43E3-BBFC-33CB614AC63C}.Release|Any CPU.Deploy.0 = Release|Any CPU
		{69EE8309-C426-4F4F-BCF7-5A4AF58B8AA2}.Debug|Any CPU.ActiveCfg = Debug|Any CPU
		{69EE8309-C426-4F4F-BCF7-5A4AF58B8AA2}.Debug|Any CPU.Build.0 = Debug|Any CPU
		{69EE8309-C426-4F4F-BCF7-5A4AF58B8AA2}.Release|Any CPU.ActiveCfg = Release|Any CPU
		{69EE8309-C426-4F4F-BCF7-5A4AF58B8AA2}.Release|Any CPU.Build.0 = Release|Any CPU
		{2D0952CF-7B11-4F58-BDD1-FC679A8AAEE1}.Debug|Any CPU.ActiveCfg = Debug|Any CPU
		{2D0952CF-7B11-4F58-BDD1-FC679A8AAEE1}.Debug|Any CPU.Build.0 = Debug|Any CPU
		{2D0952CF-7B11-4F58-BDD1-FC679A8AAEE1}.Debug|Any CPU.Deploy.0 = Debug|Any CPU
		{2D0952CF-7B11-4F58-BDD1-FC679A8AAEE1}.Release|Any CPU.ActiveCfg = Release|Any CPU
		{2D0952CF-7B11-4F58-BDD1-FC679A8AAEE1}.Release|Any CPU.Build.0 = Release|Any CPU
		{2D0952CF-7B11-4F58-BDD1-FC679A8AAEE1}.Release|Any CPU.Deploy.0 = Release|Any CPU
	EndGlobalSection
	GlobalSection(SolutionProperties) = preSolution
		HideSolutionNode = FALSE
	EndGlobalSection
EndGlobal
